
Microsoft Visual Studio Solution File, Format Version 12.00
# Visual Studio Version 16
VisualStudioVersion = 16.0.31605.320
MinimumVisualStudioVersion = 10.0.40219.1
Project("{FAE04EC0-301F-11D3-BF4B-00C04F79EFBC}") = "CyberStyler", "CyberStyler\CyberStyler.csproj", "{9C7C1455-F4E0-452C-863C-0F0A6F857108}"
EndProject
Global
	GlobalSection(SolutionConfigurationPlatforms) = preSolution
		Debug|Any CPU = Debug|Any CPU
		Release|Any CPU = Release|Any CPU
	EndGlobalSection
	GlobalSection(ProjectConfigurationPlatforms) = postSolution
		{9C7C1455-F4E0-452C-863C-0F0A6F857108}.Debug|Any CPU.ActiveCfg = Debug|Any CPU
		{9C7C1455-F4E0-452C-863C-0F0A6F857108}.Debug|Any CPU.Build.0 = Debug|Any CPU
		{9C7C1455-F4E0-452C-863C-0F0A6F857108}.Release|Any CPU.ActiveCfg = Release|Any CPU
		{9C7C1455-F4E0-452C-863C-0F0A6F857108}.Release|Any CPU.Build.0 = Release|Any CPU
	EndGlobalSection
	GlobalSection(SolutionProperties) = preSolution
		HideSolutionNode = FALSE
	EndGlobalSection
	GlobalSection(ExtensibilityGlobals) = postSolution
		SolutionGuid = {FDB4BED1-0095-454F-A381-C23A70761335}
	EndGlobalSection
EndGlobal
